<?xml version="1.0" encoding="UTF-8" standalone="yes" ?>
<CodeBlocks_project_file>
	<FileVersion major="1" minor="6" />
	<Project>
		<Option title="itrvision_test" />
		<Option pch_mode="2" />
		<Option compiler="gcc" />
		<Build>
			<Target title="Debug">
				<Option output="Debug/itrvision_test" prefix_auto="1" extension_auto="1" />
				<Option working_dir="./" />
				<Option object_output="obj/Debug/" />
				<Option type="1" />
				<Option compiler="gcc" />
				<Compiler>
					<Add option="-Wall" />
					<Add option="-g" />
					<Add directory="../itrbase" />
					<Add directory="../itrvision" />
					<Add directory="../itralgorithm" />
				</Compiler>
				<Linker>
					<Add library="../itrvision/Debug/libitrvision.a" />
					<Add library="../itrbase/Debug/libitrbase.a" />
					<Add library="../itralgorithm/Debug/libitralgorithm.a" />
					<Add directory="../itrbase" />
					<Add directory="../itrvision" />
				</Linker>
			</Target>
			<Target title="Release">
				<Option output="Release/itrvision_test" prefix_auto="1" extension_auto="1" />
				<Option working_dir="" />
				<Option object_output="obj/Release/" />
				<Option type="2" />
				<Option compiler="gcc" />
				<Option createDefFile="1" />
				<Compiler>
					<Add option="-O2" />
					<Add option="-Wall" />
					<Add directory="../itrbase" />
					<Add directory="../itrvision" />
				</Compiler>
				<Linker>
					<Add option="-s" />
					<Add directory="../itrvision" />
					<Add directory="../itrbase" />
				</Linker>
			</Target>
		</Build>
		<Unit filename="detectiontest.cpp" />
		<Unit filename="detectiontest.h" />
		<Unit filename="drawtest.cc" />
		<Unit filename="drawtest.h" />
		<Unit filename="genrecttest.cpp" />
		<Unit filename="genrecttest.h" />
		<Unit filename="gmon.out" />
		<Unit filename="iohelper.cpp" />
		<Unit filename="iohelper.h" />
		<Unit filename="lktrackertest.cpp" />
		<Unit filename="lktrackertest.h" />
		<Unit filename="main.cc" />
		<Unit filename="picktest.cc" />
		<Unit filename="picktest.h" />
		<Unit filename="processtest.cc" />
		<Unit filename="processtest.h" />
		<Unit filename="rotatetest.cpp" />
		<Unit filename="rotatetest.h" />
		<Extensions>
			<code_completion>
				<search_path add="../itrvision" />
				<search_path add="../itrbase" />
				<search_path add="../itralgorithm" />
			</code_completion>
			<debugger />
		</Extensions>
	</Project>
</CodeBlocks_project_file>
