<?xml version="1.0" encoding="UTF-8" standalone="yes" ?>
<CodeBlocks_project_file>
	<FileVersion major="1" minor="6" />
	<Project>
		<Option title="itrbase_test" />
		<Option pch_mode="2" />
		<Option compiler="gcc" />
		<Build>
			<Target title="Debug">
				<Option output="bin/debug/itrbase_test" prefix_auto="1" extension_auto="1" />
				<Option working_dir="./" />
				<Option object_output="obj/debug/" />
				<Option type="1" />
				<Option compiler="gcc" />
				<Compiler>
					<Add option="-Wall" />
					<Add option="-g" />
					<Add directory="../itrbase" />
				</Compiler>
				<Linker>
					<Add library="../itrbase/bin/debug/libitrbase.a" />
				</Linker>
			</Target>
			<Target title="Release">
				<Option output="bin/release/itrbase_test" prefix_auto="1" extension_auto="1" />
				<Option working_dir="./" />
				<Option object_output="obj/release/" />
				<Option type="1" />
				<Option compiler="gcc" />
				<Compiler>
					<Add option="-O2" />
					<Add option="-Wall" />
					<Add directory="../itrbase" />
				</Compiler>
				<Linker>
					<Add option="-s" />
					<Add library="../itrbase/bin/release/libitrbase.a" />
				</Linker>
			</Target>
		</Build>
		<Unit filename="calculatetest.cc" />
		<Unit filename="calculatetest.h" />
		<Unit filename="containertest.cc" />
		<Unit filename="containertest.h" />
		<Unit filename="helpertest.cc" />
		<Unit filename="helpertest.h" />
		<Unit filename="main.cc" />
		<Unit filename="mathtest.cc" />
		<Unit filename="mathtest.h" />
		<Unit filename="platform_test.cc" />
		<Unit filename="platform_test.h" />
		<Unit filename="ssptest.cpp" />
		<Unit filename="ssptest.h" />
		<Extensions>
			<code_completion />
			<debugger />
		</Extensions>
	</Project>
</CodeBlocks_project_file>
