<?xml version="1.0" encoding="UTF-8" standalone="yes" ?>
<CodeBlocks_project_file>
	<FileVersion major="1" minor="6" />
	<Project>
		<Option title="itralgorithm_test" />
		<Option pch_mode="2" />
		<Option compiler="gcc" />
		<Build>
			<Target title="Debug">
				<Option output="Debug/itralgorithm_test" prefix_auto="1" extension_auto="1" />
				<Option working_dir="Debug" />
				<Option object_output="obj/Debug/" />
				<Option type="1" />
				<Option compiler="gcc" />
				<Option use_console_runner="0" />
				<Compiler>
					<Add option="-Wall" />
					<Add option="-g" />
					<Add directory="../itralgorithm" />
					<Add directory="../itrbase" />
				</Compiler>
				<Linker>
					<Add directory="../itralgorithm" />
					<Add directory="../itrvision" />
				</Linker>
			</Target>
			<Target title="Release">
				<Option output="itralgorithm_test" prefix_auto="1" extension_auto="1" />
				<Option working_dir="" />
				<Option object_output="obj/Release/" />
				<Option type="2" />
				<Option compiler="gcc" />
				<Option createDefFile="1" />
				<Compiler>
					<Add option="-O2" />
					<Add option="-Wall" />
					<Add directory="../itralgorithm" />
					<Add directory="../itrbase" />
				</Compiler>
				<Linker>
					<Add option="-s" />
					<Add directory="../itrbase" />
					<Add directory="../itralgorithm" />
				</Linker>
			</Target>
		</Build>
		<Unit filename="bayestest.cpp" />
		<Unit filename="bayestest.h" />
		<Unit filename="main.cpp" />
		<Extensions>
			<code_completion />
			<debugger />
		</Extensions>
	</Project>
</CodeBlocks_project_file>
