<?xml version="1.0" encoding="UTF-8" standalone="yes" ?>
<CodeBlocks_project_file>
	<FileVersion major="1" minor="6" />
	<Project>
		<Option title="itrvision" />
		<Option pch_mode="2" />
		<Option compiler="gcc" />
		<Build>
			<Target title="Debug">
				<Option output="Debug/itrvision" prefix_auto="1" extension_auto="1" />
				<Option working_dir="" />
				<Option object_output="obj/Debug/" />
				<Option type="2" />
				<Option compiler="gcc" />
				<Option createDefFile="1" />
				<Compiler>
					<Add option="-Wall" />
					<Add option="-g" />
					<Add directory="../itrbase" />
				</Compiler>
				<Linker>
					<Add directory="../itrbase" />
				</Linker>
			</Target>
			<Target title="Release">
				<Option output="itrvision" prefix_auto="1" extension_auto="1" />
				<Option working_dir="" />
				<Option object_output="obj/Release/" />
				<Option type="2" />
				<Option compiler="gcc" />
				<Option createDefFile="1" />
				<Compiler>
					<Add option="-O2" />
					<Add option="-Wall" />
					<Add directory="../itrbase" />
				</Compiler>
				<Linker>
					<Add option="-s" />
					<Add directory="../itrbase" />
				</Linker>
			</Target>
		</Build>
		<Unit filename="Debug/makefile" />
		<Unit filename="Debug/objects.mk" />
		<Unit filename="Debug/sources.mk" />
		<Unit filename="Debug/subdir.mk" />
		<Unit filename="feature/feature.h" />
		<Unit filename="feature/featurepoint.h" />
		<Unit filename="feature/lktracker.cc" />
		<Unit filename="feature/lktracker.h" />
		<Unit filename="feature/pyramid.cpp" />
		<Unit filename="feature/pyramid.h" />
		<Unit filename="feature/selectfeature.cpp" />
		<Unit filename="feature/selectseature.h" />
		<Unit filename="format/format.h" />
		<Unit filename="format/formatpgm.cpp" />
		<Unit filename="format/formatpgm.h" />
		<Unit filename="format/formatppm.cpp" />
		<Unit filename="format/formatppm.h" />
		<Unit filename="format/iformat.h" />
		<Unit filename="helper/genrect.cpp" />
		<Unit filename="helper/genrect.h" />
		<Unit filename="helper/helper.h" />
		<Unit filename="helper/iopnm.cpp" />
		<Unit filename="helper/iopnm.h" />
		<Unit filename="image/image.cc" />
		<Unit filename="image/image.h" />
		<Unit filename="operation/draw.cpp" />
		<Unit filename="operation/draw.h" />
		<Unit filename="operation/operation.h" />
		<Unit filename="operation/pick.cpp" />
		<Unit filename="operation/pick.h" />
		<Unit filename="operation/rotate.cc" />
		<Unit filename="operation/rotate.h" />
		<Unit filename="operation/scale.cpp" />
		<Unit filename="operation/scale.h" />
		<Unit filename="process/convolutesquare.cc" />
		<Unit filename="process/convolutesquare.h" />
		<Unit filename="process/gradient.cpp" />
		<Unit filename="process/gradient.h" />
		<Unit filename="process/process.h" />
		<Extensions>
			<code_completion />
			<debugger />
		</Extensions>
	</Project>
</CodeBlocks_project_file>
