<?xml version="1.0" encoding="UTF-8" standalone="yes" ?>
<CodeBlocks_project_file>
	<FileVersion major="1" minor="6" />
	<Project>
		<Option title="itralgorithm" />
		<Option pch_mode="2" />
		<Option compiler="gcc" />
		<Build>
			<Target title="Debug">
				<Option output="itralgorithm" prefix_auto="1" extension_auto="1" />
				<Option working_dir="" />
				<Option object_output="obj/Debug/" />
				<Option type="2" />
				<Option compiler="gcc" />
				<Option createDefFile="1" />
				<Compiler>
					<Add option="-Wall" />
					<Add option="-g" />
					<Add directory="../itrbase" />
				</Compiler>
				<Linker>
					<Add directory="../itrbase" />
				</Linker>
			</Target>
			<Target title="Release">
				<Option output="itralgorithm" prefix_auto="1" extension_auto="1" />
				<Option working_dir="" />
				<Option object_output="obj/Release/" />
				<Option type="2" />
				<Option compiler="gcc" />
				<Option createDefFile="1" />
				<Compiler>
					<Add option="-O2" />
					<Add option="-Wall" />
					<Add directory="../itrbase" />
				</Compiler>
				<Linker>
					<Add option="-s" />
					<Add directory="../itrbase" />
				</Linker>
			</Target>
		</Build>
		<Unit filename="classifier/classifier.h" />
		<Unit filename="classifier/domain.cpp" />
		<Unit filename="classifier/domain.h" />
		<Unit filename="classifier/naivebayes.cpp" />
		<Unit filename="classifier/naivebayes.h" />
		<Unit filename="classifier/trainingdata.cpp" />
		<Unit filename="classifier/trainingdata.h" />
		<Unit filename="itralgorithm.h" />
		<Extensions>
			<code_completion />
			<debugger />
		</Extensions>
	</Project>
</CodeBlocks_project_file>
